
Microsoft Visual Studio Solution File, Format Version 12.00
# Visual Studio 15
VisualStudioVersion = 15.0.27004.2006
MinimumVisualStudioVersion = 10.0.40219.1
Project("{FAE04EC0-301F-11D3-BF4B-00C04F79EFBC}") = "NeuralNetwork2", "NeuralNetwork2\NeuralNetwork2.csproj", "{6788941A-D07F-4D44-83D3-3B3FE8DC63C8}"
EndProject
Global
	GlobalSection(SolutionConfigurationPlatforms) = preSolution
		Debug|Any CPU = Debug|Any CPU
		Release|Any CPU = Release|Any CPU
	EndGlobalSection
	GlobalSection(ProjectConfigurationPlatforms) = postSolution
		{6788941A-D07F-4D44-83D3-3B3FE8DC63C8}.Debug|Any CPU.ActiveCfg = Debug|Any CPU
		{6788941A-D07F-4D44-83D3-3B3FE8DC63C8}.Debug|Any CPU.Build.0 = Debug|Any CPU
		{6788941A-D07F-4D44-83D3-3B3FE8DC63C8}.Release|Any CPU.ActiveCfg = Release|Any CPU
		{6788941A-D07F-4D44-83D3-3B3FE8DC63C8}.Release|Any CPU.Build.0 = Release|Any CPU
	EndGlobalSection
	GlobalSection(SolutionProperties) = preSolution
		HideSolutionNode = FALSE
	EndGlobalSection
	GlobalSection(ExtensibilityGlobals) = postSolution
		SolutionGuid = {6C9B5F9C-2EC8-4251-8847-089470FBBF76}
	EndGlobalSection
EndGlobal
